
Microsoft Visual Studio Solution File, Format Version 12.00
# Visual Studio Version 16
VisualStudioVersion = 16.0.31729.503
MinimumVisualStudioVersion = 10.0.40219.1
Project("{9A19103F-16F7-4668-BE54-9A1E7A4F7556}") = "CoffeServices", "CoffeServices.csproj", "{E1FB64D2-93F7-4DED-95D7-AF66E6E5A623}"
EndProject
Project("{9A19103F-16F7-4668-BE54-9A1E7A4F7556}") = "Coffe.Service.Common", "..\Coffe.Service.Common\Coffe.Service.Common.csproj", "{7E1A887A-F83B-4901-B6EF-7F63CB5B5E2E}"
EndProject
Project("{9A19103F-16F7-4668-BE54-9A1E7A4F7556}") = "UnitTests", "..\UnitTests\UnitTests.csproj", "{19605E00-339A-4B35-A89C-110DED7CB98A}"
EndProject
Global
	GlobalSection(SolutionConfigurationPlatforms) = preSolution
		Debug|Any CPU = Debug|Any CPU
		Release|Any CPU = Release|Any CPU
	EndGlobalSection
	GlobalSection(ProjectConfigurationPlatforms) = postSolution
		{E1FB64D2-93F7-4DED-95D7-AF66E6E5A623}.Debug|Any CPU.ActiveCfg = Debug|Any CPU
		{E1FB64D2-93F7-4DED-95D7-AF66E6E5A623}.Debug|Any CPU.Build.0 = Debug|Any CPU
		{E1FB64D2-93F7-4DED-95D7-AF66E6E5A623}.Release|Any CPU.ActiveCfg = Release|Any CPU
		{E1FB64D2-93F7-4DED-95D7-AF66E6E5A623}.Release|Any CPU.Build.0 = Release|Any CPU
		{7E1A887A-F83B-4901-B6EF-7F63CB5B5E2E}.Debug|Any CPU.ActiveCfg = Debug|Any CPU
		{7E1A887A-F83B-4901-B6EF-7F63CB5B5E2E}.Debug|Any CPU.Build.0 = Debug|Any CPU
		{7E1A887A-F83B-4901-B6EF-7F63CB5B5E2E}.Release|Any CPU.ActiveCfg = Release|Any CPU
		{7E1A887A-F83B-4901-B6EF-7F63CB5B5E2E}.Release|Any CPU.Build.0 = Release|Any CPU
		{19605E00-339A-4B35-A89C-110DED7CB98A}.Debug|Any CPU.ActiveCfg = Debug|Any CPU
		{19605E00-339A-4B35-A89C-110DED7CB98A}.Debug|Any CPU.Build.0 = Debug|Any CPU
		{19605E00-339A-4B35-A89C-110DED7CB98A}.Release|Any CPU.ActiveCfg = Release|Any CPU
		{19605E00-339A-4B35-A89C-110DED7CB98A}.Release|Any CPU.Build.0 = Release|Any CPU
	EndGlobalSection
	GlobalSection(SolutionProperties) = preSolution
		HideSolutionNode = FALSE
	EndGlobalSection
	GlobalSection(ExtensibilityGlobals) = postSolution
		SolutionGuid = {A6FF2976-2BA7-474D-B753-7DD119ABEFA8}
	EndGlobalSection
EndGlobal
